
Microsoft Visual Studio Solution File, Format Version 12.00
# Visual Studio Version 16
VisualStudioVersion = 16.0.31019.35
MinimumVisualStudioVersion = 10.0.40219.1
Project("{FAE04EC0-301F-11D3-BF4B-00C04F79EFBC}") = "EersteProjectGitHub", "EersteProjectGitHub.csproj", "{61AD0739-C987-4DF4-98EB-C2193338D0D1}"
EndProject
Global
	GlobalSection(SolutionConfigurationPlatforms) = preSolution
		Debug|Any CPU = Debug|Any CPU
		Release|Any CPU = Release|Any CPU
	EndGlobalSection
	GlobalSection(ProjectConfigurationPlatforms) = postSolution
		{61AD0739-C987-4DF4-98EB-C2193338D0D1}.Debug|Any CPU.ActiveCfg = Debug|Any CPU
		{61AD0739-C987-4DF4-98EB-C2193338D0D1}.Debug|Any CPU.Build.0 = Debug|Any CPU
		{61AD0739-C987-4DF4-98EB-C2193338D0D1}.Release|Any CPU.ActiveCfg = Release|Any CPU
		{61AD0739-C987-4DF4-98EB-C2193338D0D1}.Release|Any CPU.Build.0 = Release|Any CPU
	EndGlobalSection
	GlobalSection(SolutionProperties) = preSolution
		HideSolutionNode = FALSE
	EndGlobalSection
	GlobalSection(ExtensibilityGlobals) = postSolution
		SolutionGuid = {4F939D14-6705-4B4D-9855-AB56223BE845}
	EndGlobalSection
EndGlobal
